
Microsoft Visual Studio Solution File, Format Version 12.00
# Visual Studio Version 16
VisualStudioVersion = 16.0.29911.84
MinimumVisualStudioVersion = 10.0.40219.1
Project("{FAE04EC0-301F-11D3-BF4B-00C04F79EFBC}") = "CAI_ej.12-03.04.21-cadenas", "CAI_ej.12-03.04.21-cadenas\CAI_ej.12-03.04.21-cadenas.csproj", "{7645E3D5-355E-4926-B715-3E9524870840}"
EndProject
Global
	GlobalSection(SolutionConfigurationPlatforms) = preSolution
		Debug|Any CPU = Debug|Any CPU
		Release|Any CPU = Release|Any CPU
	EndGlobalSection
	GlobalSection(ProjectConfigurationPlatforms) = postSolution
		{7645E3D5-355E-4926-B715-3E9524870840}.Debug|Any CPU.ActiveCfg = Debug|Any CPU
		{7645E3D5-355E-4926-B715-3E9524870840}.Debug|Any CPU.Build.0 = Debug|Any CPU
		{7645E3D5-355E-4926-B715-3E9524870840}.Release|Any CPU.ActiveCfg = Release|Any CPU
		{7645E3D5-355E-4926-B715-3E9524870840}.Release|Any CPU.Build.0 = Release|Any CPU
	EndGlobalSection
	GlobalSection(SolutionProperties) = preSolution
		HideSolutionNode = FALSE
	EndGlobalSection
	GlobalSection(ExtensibilityGlobals) = postSolution
		SolutionGuid = {43D7D8A9-41C9-45E3-8FC7-6F33DE488D59}
	EndGlobalSection
EndGlobal
